
Microsoft Visual Studio Solution File, Format Version 11.00
# Visual Studio 2010
Project("{FAE04EC0-301F-11D3-BF4B-00C04F79EFBC}") = "appDocumentosCEDIS", "appDocumentosCEDIS.csproj", "{83513254-F4B7-4DF3-ADAA-43C8599B9FCA}"
EndProject
Global
	GlobalSection(SolutionConfigurationPlatforms) = preSolution
		Debug|Any CPU = Debug|Any CPU
		Release|Any CPU = Release|Any CPU
	EndGlobalSection
	GlobalSection(ProjectConfigurationPlatforms) = postSolution
		{83513254-F4B7-4DF3-ADAA-43C8599B9FCA}.Debug|Any CPU.ActiveCfg = Debug|Any CPU
		{83513254-F4B7-4DF3-ADAA-43C8599B9FCA}.Debug|Any CPU.Build.0 = Debug|Any CPU
		{83513254-F4B7-4DF3-ADAA-43C8599B9FCA}.Release|Any CPU.ActiveCfg = Release|Any CPU
		{83513254-F4B7-4DF3-ADAA-43C8599B9FCA}.Release|Any CPU.Build.0 = Release|Any CPU
	EndGlobalSection
	GlobalSection(SolutionProperties) = preSolution
		HideSolutionNode = FALSE
	EndGlobalSection
EndGlobal
